// !$*UTF8*$!
{
	archiveVersion = 1;
	classes = {
	};
	objectVersion = 45;
	objects = {

/* Begin PBXBuildFile section */
		1DDD58160DA1D0A300B32029 /* MainMenu.xib in Resources */ = {isa = PBXBuildFile; fileRef = 1DDD58140DA1D0A300B32029 /* MainMenu.xib */; };
		77423DFD0FB49AA100A39860 /* KCImageAndTextCell.m in Sources */ = {isa = PBXBuildFile; fileRef = 77423DFC0FB49AA100A39860 /* KCImageAndTextCell.m */; };
		77423EA90FB4F74100A39860 /* centos.gif in Resources */ = {isa = PBXBuildFile; fileRef = 77423EA20FB4F74100A39860 /* centos.gif */; };
		77423EAA0FB4F74100A39860 /* Database.tiff in Resources */ = {isa = PBXBuildFile; fileRef = 77423EA30FB4F74100A39860 /* Database.tiff */; };
		77423EAB0FB4F74100A39860 /* debian.gif in Resources */ = {isa = PBXBuildFile; fileRef = 77423EA40FB4F74100A39860 /* debian.gif */; };
		77423EAC0FB4F74100A39860 /* fedora.gif in Resources */ = {isa = PBXBuildFile; fileRef = 77423EA50FB4F74100A39860 /* fedora.gif */; };
		77423EAD0FB4F74100A39860 /* linux.gif in Resources */ = {isa = PBXBuildFile; fileRef = 77423EA60FB4F74100A39860 /* linux.gif */; };
		77423EAE0FB4F74100A39860 /* Spotlight.tiff in Resources */ = {isa = PBXBuildFile; fileRef = 77423EA70FB4F74100A39860 /* Spotlight.tiff */; };
		77423EAF0FB4F74100A39860 /* ubuntu.gif in Resources */ = {isa = PBXBuildFile; fileRef = 77423EA80FB4F74100A39860 /* ubuntu.gif */; };
		77423EBE0FB4FA0300A39860 /* Delete.tiff in Resources */ = {isa = PBXBuildFile; fileRef = 77423EBC0FB4FA0300A39860 /* Delete.tiff */; };
		77423EBF0FB4FA0300A39860 /* reload.tiff in Resources */ = {isa = PBXBuildFile; fileRef = 77423EBD0FB4FA0300A39860 /* reload.tiff */; };
		77577DB20FB2FFF5000E2604 /* Registrations.xib in Resources */ = {isa = PBXBuildFile; fileRef = 77577DB10FB2FFF5000E2604 /* Registrations.xib */; };
		77577DB60FB3038C000E2604 /* KCRegistrationsController.m in Sources */ = {isa = PBXBuildFile; fileRef = 77577DB50FB3038C000E2604 /* KCRegistrationsController.m */; };
		77683DC80FB2346E003FD7B4 /* KCLoginWindowController.m in Sources */ = {isa = PBXBuildFile; fileRef = 77683DC70FB2346E003FD7B4 /* KCLoginWindowController.m */; };
		77683DDE0FB2370C003FD7B4 /* LoginWindow.xib in Resources */ = {isa = PBXBuildFile; fileRef = 77683DDC0FB2370C003FD7B4 /* LoginWindow.xib */; };
		77683DF80FB23983003FD7B4 /* KCMainWindowController.m in Sources */ = {isa = PBXBuildFile; fileRef = 77683DF70FB23983003FD7B4 /* KCMainWindowController.m */; };
		77683E070FB239F4003FD7B4 /* KCApplicationDelegate.m in Sources */ = {isa = PBXBuildFile; fileRef = 77683E060FB239F4003FD7B4 /* KCApplicationDelegate.m */; };
		778EF94C0FB23EDD00FE49FC /* MainWindow.xib in Resources */ = {isa = PBXBuildFile; fileRef = 778EF94B0FB23EDD00FE49FC /* MainWindow.xib */; };
		778EFA300FB2563200FE49FC /* KCNode.m in Sources */ = {isa = PBXBuildFile; fileRef = 778EFA2F0FB2563200FE49FC /* KCNode.m */; };
		779F7EC70FB483FA00AF7A19 /* Status.xib in Resources */ = {isa = PBXBuildFile; fileRef = 779F7EC60FB483FA00AF7A19 /* Status.xib */; };
		779F7ECB0FB485BE00AF7A19 /* KCStatusController.m in Sources */ = {isa = PBXBuildFile; fileRef = 779F7ECA0FB485BE00AF7A19 /* KCStatusController.m */; };
		779F7EDD0FB487E100AF7A19 /* KCCookbookController.m in Sources */ = {isa = PBXBuildFile; fileRef = 779F7EDC0FB487E100AF7A19 /* KCCookbookController.m */; };
		779F7EE20FB4887600AF7A19 /* Cookbook.xib in Resources */ = {isa = PBXBuildFile; fileRef = 779F7EE10FB4887600AF7A19 /* Cookbook.xib */; };
		77C484540FB309980098C82D /* Search.xib in Resources */ = {isa = PBXBuildFile; fileRef = 77C484530FB309980098C82D /* Search.xib */; };
		77C484580FB309CB0098C82D /* KCSearchController.m in Sources */ = {isa = PBXBuildFile; fileRef = 77C484570FB309CB0098C82D /* KCSearchController.m */; };
		77C5C2150FB34CA9006D6BC8 /* KCNodesController.m in Sources */ = {isa = PBXBuildFile; fileRef = 77C5C2140FB34CA9006D6BC8 /* KCNodesController.m */; };
		77C5C21C0FB34D6E006D6BC8 /* Nodes.xib in Resources */ = {isa = PBXBuildFile; fileRef = 77C5C21B0FB34D6E006D6BC8 /* Nodes.xib */; };
		8D11072B0486CEB800E47090 /* InfoPlist.strings in Resources */ = {isa = PBXBuildFile; fileRef = 089C165CFE840E0CC02AAC07 /* InfoPlist.strings */; };
		8D11072D0486CEB800E47090 /* main.m in Sources */ = {isa = PBXBuildFile; fileRef = 29B97316FDCFA39411CA2CEA /* main.m */; settings = {ATTRIBUTES = (); }; };
		8D11072F0486CEB800E47090 /* Cocoa.framework in Frameworks */ = {isa = PBXBuildFile; fileRef = 1058C7A1FEA54F0111CA2CBB /* Cocoa.framework */; };
/* End PBXBuildFile section */

/* Begin PBXFileReference section */
		089C165DFE840E0CC02AAC07 /* English */ = {isa = PBXFileReference; fileEncoding = 10; lastKnownFileType = text.plist.strings; name = English; path = English.lproj/InfoPlist.strings; sourceTree = "<group>"; };
		1058C7A1FEA54F0111CA2CBB /* Cocoa.framework */ = {isa = PBXFileReference; lastKnownFileType = wrapper.framework; name = Cocoa.framework; path = /System/Library/Frameworks/Cocoa.framework; sourceTree = "<absolute>"; };
		13E42FB307B3F0F600E4EEF1 /* CoreData.framework */ = {isa = PBXFileReference; lastKnownFileType = wrapper.framework; name = CoreData.framework; path = /System/Library/Frameworks/CoreData.framework; sourceTree = "<absolute>"; };
		1DDD58150DA1D0A300B32029 /* English */ = {isa = PBXFileReference; lastKnownFileType = file.xib; name = English; path = English.lproj/MainMenu.xib; sourceTree = "<group>"; };
		29B97316FDCFA39411CA2CEA /* main.m */ = {isa = PBXFileReference; fileEncoding = 4; lastKnownFileType = sourcecode.c.objc; path = main.m; sourceTree = "<group>"; };
		29B97324FDCFA39411CA2CEA /* AppKit.framework */ = {isa = PBXFileReference; lastKnownFileType = wrapper.framework; name = AppKit.framework; path = /System/Library/Frameworks/AppKit.framework; sourceTree = "<absolute>"; };
		29B97325FDCFA39411CA2CEA /* Foundation.framework */ = {isa = PBXFileReference; lastKnownFileType = wrapper.framework; name = Foundation.framework; path = /System/Library/Frameworks/Foundation.framework; sourceTree = "<absolute>"; };
		32CA4F630368D1EE00C91783 /* Cuisine_Prefix.pch */ = {isa = PBXFileReference; fileEncoding = 4; lastKnownFileType = sourcecode.c.h; path = Cuisine_Prefix.pch; sourceTree = "<group>"; };
		77423DFB0FB49AA100A39860 /* KCImageAndTextCell.h */ = {isa = PBXFileReference; fileEncoding = 4; lastKnownFileType = sourcecode.c.h; path = KCImageAndTextCell.h; sourceTree = "<group>"; };
		77423DFC0FB49AA100A39860 /* KCImageAndTextCell.m */ = {isa = PBXFileReference; fileEncoding = 4; lastKnownFileType = sourcecode.c.objc; path = KCImageAndTextCell.m; sourceTree = "<group>"; };
		77423EA20FB4F74100A39860 /* centos.gif */ = {isa = PBXFileReference; lastKnownFileType = image.gif; path = centos.gif; sourceTree = "<group>"; };
		77423EA30FB4F74100A39860 /* Database.tiff */ = {isa = PBXFileReference; lastKnownFileType = image.tiff; path = Database.tiff; sourceTree = "<group>"; };
		77423EA40FB4F74100A39860 /* debian.gif */ = {isa = PBXFileReference; lastKnownFileType = image.gif; path = debian.gif; sourceTree = "<group>"; };
		77423EA50FB4F74100A39860 /* fedora.gif */ = {isa = PBXFileReference; lastKnownFileType = image.gif; path = fedora.gif; sourceTree = "<group>"; };
		77423EA60FB4F74100A39860 /* linux.gif */ = {isa = PBXFileReference; lastKnownFileType = image.gif; path = linux.gif; sourceTree = "<group>"; };
		77423EA70FB4F74100A39860 /* Spotlight.tiff */ = {isa = PBXFileReference; lastKnownFileType = image.tiff; path = Spotlight.tiff; sourceTree = "<group>"; };
		77423EA80FB4F74100A39860 /* ubuntu.gif */ = {isa = PBXFileReference; lastKnownFileType = image.gif; path = ubuntu.gif; sourceTree = "<group>"; };
		77423EBC0FB4FA0300A39860 /* Delete.tiff */ = {isa = PBXFileReference; lastKnownFileType = image.tiff; path = Delete.tiff; sourceTree = "<group>"; };
		77423EBD0FB4FA0300A39860 /* reload.tiff */ = {isa = PBXFileReference; lastKnownFileType = image.tiff; path = reload.tiff; sourceTree = "<group>"; };
		77577DAF0FB2FFF1000E2604 /* English */ = {isa = PBXFileReference; lastKnownFileType = file.xib; name = English; path = English.lproj/Registrations.xib; sourceTree = "<group>"; };
		77577DB40FB3038C000E2604 /* KCRegistrationsController.h */ = {isa = PBXFileReference; fileEncoding = 4; lastKnownFileType = sourcecode.c.h; path = KCRegistrationsController.h; sourceTree = "<group>"; };
		77577DB50FB3038C000E2604 /* KCRegistrationsController.m */ = {isa = PBXFileReference; fileEncoding = 4; lastKnownFileType = sourcecode.c.objc; path = KCRegistrationsController.m; sourceTree = "<group>"; };
		77683DC60FB2346E003FD7B4 /* KCLoginWindowController.h */ = {isa = PBXFileReference; fileEncoding = 4; lastKnownFileType = sourcecode.c.h; path = KCLoginWindowController.h; sourceTree = "<group>"; };
		77683DC70FB2346E003FD7B4 /* KCLoginWindowController.m */ = {isa = PBXFileReference; fileEncoding = 4; lastKnownFileType = sourcecode.c.objc; path = KCLoginWindowController.m; sourceTree = "<group>"; };
		77683DDD0FB2370C003FD7B4 /* English */ = {isa = PBXFileReference; lastKnownFileType = file.xib; name = English; path = English.lproj/LoginWindow.xib; sourceTree = "<group>"; };
		77683DF60FB23983003FD7B4 /* KCMainWindowController.h */ = {isa = PBXFileReference; fileEncoding = 4; lastKnownFileType = sourcecode.c.h; path = KCMainWindowController.h; sourceTree = "<group>"; };
		77683DF70FB23983003FD7B4 /* KCMainWindowController.m */ = {isa = PBXFileReference; fileEncoding = 4; lastKnownFileType = sourcecode.c.objc; path = KCMainWindowController.m; sourceTree = "<group>"; };
		77683E050FB239F4003FD7B4 /* KCApplicationDelegate.h */ = {isa = PBXFileReference; fileEncoding = 4; lastKnownFileType = sourcecode.c.h; path = KCApplicationDelegate.h; sourceTree = "<group>"; };
		77683E060FB239F4003FD7B4 /* KCApplicationDelegate.m */ = {isa = PBXFileReference; fileEncoding = 4; lastKnownFileType = sourcecode.c.objc; path = KCApplicationDelegate.m; sourceTree = "<group>"; };
		778EF9470FB23EB200FE49FC /* English */ = {isa = PBXFileReference; lastKnownFileType = file.xib; name = English; path = English.lproj/MainWindow.xib; sourceTree = "<group>"; };
		778EFA2E0FB2563200FE49FC /* KCNode.h */ = {isa = PBXFileReference; fileEncoding = 4; lastKnownFileType = sourcecode.c.h; path = KCNode.h; sourceTree = "<group>"; };
		778EFA2F0FB2563200FE49FC /* KCNode.m */ = {isa = PBXFileReference; fileEncoding = 4; lastKnownFileType = sourcecode.c.objc; path = KCNode.m; sourceTree = "<group>"; };
		779F7EC40FB483F600AF7A19 /* English */ = {isa = PBXFileReference; lastKnownFileType = file.xib; name = English; path = English.lproj/Status.xib; sourceTree = "<group>"; };
		779F7EC90FB485BE00AF7A19 /* KCStatusController.h */ = {isa = PBXFileReference; fileEncoding = 4; lastKnownFileType = sourcecode.c.h; path = KCStatusController.h; sourceTree = "<group>"; };
		779F7ECA0FB485BE00AF7A19 /* KCStatusController.m */ = {isa = PBXFileReference; fileEncoding = 4; lastKnownFileType = sourcecode.c.objc; path = KCStatusController.m; sourceTree = "<group>"; };
		779F7EDB0FB487E100AF7A19 /* KCCookbookController.h */ = {isa = PBXFileReference; fileEncoding = 4; lastKnownFileType = sourcecode.c.h; path = KCCookbookController.h; sourceTree = "<group>"; };
		779F7EDC0FB487E100AF7A19 /* KCCookbookController.m */ = {isa = PBXFileReference; fileEncoding = 4; lastKnownFileType = sourcecode.c.objc; path = KCCookbookController.m; sourceTree = "<group>"; };
		779F7EDF0FB4887000AF7A19 /* English */ = {isa = PBXFileReference; lastKnownFileType = file.xib; name = English; path = English.lproj/Cookbook.xib; sourceTree = "<group>"; };
		77C484510FB309940098C82D /* English */ = {isa = PBXFileReference; lastKnownFileType = file.xib; name = English; path = English.lproj/Search.xib; sourceTree = "<group>"; };
		77C484560FB309CB0098C82D /* KCSearchController.h */ = {isa = PBXFileReference; fileEncoding = 4; lastKnownFileType = sourcecode.c.h; path = KCSearchController.h; sourceTree = "<group>"; };
		77C484570FB309CB0098C82D /* KCSearchController.m */ = {isa = PBXFileReference; fileEncoding = 4; lastKnownFileType = sourcecode.c.objc; path = KCSearchController.m; sourceTree = "<group>"; };
		77C5C2130FB34CA9006D6BC8 /* KCNodesController.h */ = {isa = PBXFileReference; fileEncoding = 4; lastKnownFileType = sourcecode.c.h; path = KCNodesController.h; sourceTree = "<group>"; };
		77C5C2140FB34CA9006D6BC8 /* KCNodesController.m */ = {isa = PBXFileReference; fileEncoding = 4; lastKnownFileType = sourcecode.c.objc; path = KCNodesController.m; sourceTree = "<group>"; };
		77C5C2190FB34D68006D6BC8 /* English */ = {isa = PBXFileReference; lastKnownFileType = file.xib; name = English; path = English.lproj/Nodes.xib; sourceTree = "<group>"; };
		8D1107310486CEB800E47090 /* Info.plist */ = {isa = PBXFileReference; fileEncoding = 4; lastKnownFileType = text.plist.xml; path = Info.plist; sourceTree = "<group>"; };
		8D1107320486CEB800E47090 /* Cuisine.app */ = {isa = PBXFileReference; explicitFileType = wrapper.application; includeInIndex = 0; path = Cuisine.app; sourceTree = BUILT_PRODUCTS_DIR; };
/* End PBXFileReference section */

/* Begin PBXFrameworksBuildPhase section */
		8D11072E0486CEB800E47090 /* Frameworks */ = {
			isa = PBXFrameworksBuildPhase;
			buildActionMask = 2147483647;
			files = (
				8D11072F0486CEB800E47090 /* Cocoa.framework in Frameworks */,
			);
			runOnlyForDeploymentPostprocessing = 0;
		};
/* End PBXFrameworksBuildPhase section */

/* Begin PBXGroup section */
		080E96DDFE201D6D7F000001 /* Classes */ = {
			isa = PBXGroup;
			children = (
				778EFA290FB255A300FE49FC /* core */,
				77683DC20FB23426003FD7B4 /* gui */,
			);
			name = Classes;
			sourceTree = "<group>";
		};
		1058C7A0FEA54F0111CA2CBB /* Linked Frameworks */ = {
			isa = PBXGroup;
			children = (
				1058C7A1FEA54F0111CA2CBB /* Cocoa.framework */,
			);
			name = "Linked Frameworks";
			sourceTree = "<group>";
		};
		1058C7A2FEA54F0111CA2CBB /* Other Frameworks */ = {
			isa = PBXGroup;
			children = (
				29B97324FDCFA39411CA2CEA /* AppKit.framework */,
				13E42FB307B3F0F600E4EEF1 /* CoreData.framework */,
				29B97325FDCFA39411CA2CEA /* Foundation.framework */,
			);
			name = "Other Frameworks";
			sourceTree = "<group>";
		};
		19C28FACFE9D520D11CA2CBB /* Products */ = {
			isa = PBXGroup;
			children = (
				8D1107320486CEB800E47090 /* Cuisine.app */,
			);
			name = Products;
			sourceTree = "<group>";
		};
		29B97314FDCFA39411CA2CEA /* Cuisine */ = {
			isa = PBXGroup;
			children = (
				080E96DDFE201D6D7F000001 /* Classes */,
				29B97315FDCFA39411CA2CEA /* Other Sources */,
				29B97317FDCFA39411CA2CEA /* Resources */,
				29B97323FDCFA39411CA2CEA /* Frameworks */,
				19C28FACFE9D520D11CA2CBB /* Products */,
			);
			name = Cuisine;
			sourceTree = "<group>";
		};
		29B97315FDCFA39411CA2CEA /* Other Sources */ = {
			isa = PBXGroup;
			children = (
				32CA4F630368D1EE00C91783 /* Cuisine_Prefix.pch */,
				29B97316FDCFA39411CA2CEA /* main.m */,
			);
			name = "Other Sources";
			sourceTree = "<group>";
		};
		29B97317FDCFA39411CA2CEA /* Resources */ = {
			isa = PBXGroup;
			children = (
				77423E980FB4F63B00A39860 /* assets */,
				8D1107310486CEB800E47090 /* Info.plist */,
				089C165CFE840E0CC02AAC07 /* InfoPlist.strings */,
				1DDD58140DA1D0A300B32029 /* MainMenu.xib */,
				77683DDC0FB2370C003FD7B4 /* LoginWindow.xib */,
				778EF94B0FB23EDD00FE49FC /* MainWindow.xib */,
				77577DB10FB2FFF5000E2604 /* Registrations.xib */,
				77C484530FB309980098C82D /* Search.xib */,
				77C5C21B0FB34D6E006D6BC8 /* Nodes.xib */,
				779F7EC60FB483FA00AF7A19 /* Status.xib */,
				779F7EE10FB4887600AF7A19 /* Cookbook.xib */,
			);
			name = Resources;
			sourceTree = "<group>";
		};
		29B97323FDCFA39411CA2CEA /* Frameworks */ = {
			isa = PBXGroup;
			children = (
				1058C7A0FEA54F0111CA2CBB /* Linked Frameworks */,
				1058C7A2FEA54F0111CA2CBB /* Other Frameworks */,
			);
			name = Frameworks;
			sourceTree = "<group>";
		};
		77423E980FB4F63B00A39860 /* assets */ = {
			isa = PBXGroup;
			children = (
				77423EBC0FB4FA0300A39860 /* Delete.tiff */,
				77423EBD0FB4FA0300A39860 /* reload.tiff */,
				77423EA20FB4F74100A39860 /* centos.gif */,
				77423EA30FB4F74100A39860 /* Database.tiff */,
				77423EA40FB4F74100A39860 /* debian.gif */,
				77423EA50FB4F74100A39860 /* fedora.gif */,
				77423EA60FB4F74100A39860 /* linux.gif */,
				77423EA70FB4F74100A39860 /* Spotlight.tiff */,
				77423EA80FB4F74100A39860 /* ubuntu.gif */,
			);
			path = assets;
			sourceTree = "<group>";
		};
		77683DC20FB23426003FD7B4 /* gui */ = {
			isa = PBXGroup;
			children = (
				77683DC60FB2346E003FD7B4 /* KCLoginWindowController.h */,
				77683DC70FB2346E003FD7B4 /* KCLoginWindowController.m */,
				77683DF60FB23983003FD7B4 /* KCMainWindowController.h */,
				77683DF70FB23983003FD7B4 /* KCMainWindowController.m */,
				77423DFB0FB49AA100A39860 /* KCImageAndTextCell.h */,
				77423DFC0FB49AA100A39860 /* KCImageAndTextCell.m */,
				77683E050FB239F4003FD7B4 /* KCApplicationDelegate.h */,
				77683E060FB239F4003FD7B4 /* KCApplicationDelegate.m */,
				77577DB40FB3038C000E2604 /* KCRegistrationsController.h */,
				77577DB50FB3038C000E2604 /* KCRegistrationsController.m */,
				77C484560FB309CB0098C82D /* KCSearchController.h */,
				77C484570FB309CB0098C82D /* KCSearchController.m */,
				77C5C2130FB34CA9006D6BC8 /* KCNodesController.h */,
				77C5C2140FB34CA9006D6BC8 /* KCNodesController.m */,
				779F7EC90FB485BE00AF7A19 /* KCStatusController.h */,
				779F7ECA0FB485BE00AF7A19 /* KCStatusController.m */,
				779F7EDB0FB487E100AF7A19 /* KCCookbookController.h */,
				779F7EDC0FB487E100AF7A19 /* KCCookbookController.m */,
			);
			path = gui;
			sourceTree = "<group>";
		};
		778EFA290FB255A300FE49FC /* core */ = {
			isa = PBXGroup;
			children = (
				778EFA2E0FB2563200FE49FC /* KCNode.h */,
				778EFA2F0FB2563200FE49FC /* KCNode.m */,
			);
			path = core;
			sourceTree = "<group>";
		};
/* End PBXGroup section */

/* Begin PBXNativeTarget section */
		8D1107260486CEB800E47090 /* Cuisine */ = {
			isa = PBXNativeTarget;
			buildConfigurationList = C01FCF4A08A954540054247B /* Build configuration list for PBXNativeTarget "Cuisine" */;
			buildPhases = (
				8D1107290486CEB800E47090 /* Resources */,
				8D11072C0486CEB800E47090 /* Sources */,
				8D11072E0486CEB800E47090 /* Frameworks */,
			);
			buildRules = (
			);
			dependencies = (
			);
			name = Cuisine;
			productInstallPath = "$(HOME)/Applications";
			productName = Cuisine;
			productReference = 8D1107320486CEB800E47090 /* Cuisine.app */;
			productType = "com.apple.product-type.application";
		};
/* End PBXNativeTarget section */

/* Begin PBXProject section */
		29B97313FDCFA39411CA2CEA /* Project object */ = {
			isa = PBXProject;
			buildConfigurationList = C01FCF4E08A954540054247B /* Build configuration list for PBXProject "Cuisine" */;
			compatibilityVersion = "Xcode 3.1";
			hasScannedForEncodings = 1;
			mainGroup = 29B97314FDCFA39411CA2CEA /* Cuisine */;
			projectDirPath = "";
			projectRoot = "";
			targets = (
				8D1107260486CEB800E47090 /* Cuisine */,
			);
		};
/* End PBXProject section */

/* Begin PBXResourcesBuildPhase section */
		8D1107290486CEB800E47090 /* Resources */ = {
			isa = PBXResourcesBuildPhase;
			buildActionMask = 2147483647;
			files = (
				8D11072B0486CEB800E47090 /* InfoPlist.strings in Resources */,
				1DDD58160DA1D0A300B32029 /* MainMenu.xib in Resources */,
				77683DDE0FB2370C003FD7B4 /* LoginWindow.xib in Resources */,
				778EF94C0FB23EDD00FE49FC /* MainWindow.xib in Resources */,
				77577DB20FB2FFF5000E2604 /* Registrations.xib in Resources */,
				77C484540FB309980098C82D /* Search.xib in Resources */,
				77C5C21C0FB34D6E006D6BC8 /* Nodes.xib in Resources */,
				779F7EC70FB483FA00AF7A19 /* Status.xib in Resources */,
				779F7EE20FB4887600AF7A19 /* Cookbook.xib in Resources */,
				77423EA90FB4F74100A39860 /* centos.gif in Resources */,
				77423EAA0FB4F74100A39860 /* Database.tiff in Resources */,
				77423EAB0FB4F74100A39860 /* debian.gif in Resources */,
				77423EAC0FB4F74100A39860 /* fedora.gif in Resources */,
				77423EAD0FB4F74100A39860 /* linux.gif in Resources */,
				77423EAE0FB4F74100A39860 /* Spotlight.tiff in Resources */,
				77423EAF0FB4F74100A39860 /* ubuntu.gif in Resources */,
				77423EBE0FB4FA0300A39860 /* Delete.tiff in Resources */,
				77423EBF0FB4FA0300A39860 /* reload.tiff in Resources */,
			);
			runOnlyForDeploymentPostprocessing = 0;
		};
/* End PBXResourcesBuildPhase section */

/* Begin PBXSourcesBuildPhase section */
		8D11072C0486CEB800E47090 /* Sources */ = {
			isa = PBXSourcesBuildPhase;
			buildActionMask = 2147483647;
			files = (
				8D11072D0486CEB800E47090 /* main.m in Sources */,
				77683DC80FB2346E003FD7B4 /* KCLoginWindowController.m in Sources */,
				77683DF80FB23983003FD7B4 /* KCMainWindowController.m in Sources */,
				77683E070FB239F4003FD7B4 /* KCApplicationDelegate.m in Sources */,
				778EFA300FB2563200FE49FC /* KCNode.m in Sources */,
				77577DB60FB3038C000E2604 /* KCRegistrationsController.m in Sources */,
				77C484580FB309CB0098C82D /* KCSearchController.m in Sources */,
				77C5C2150FB34CA9006D6BC8 /* KCNodesController.m in Sources */,
				779F7ECB0FB485BE00AF7A19 /* KCStatusController.m in Sources */,
				779F7EDD0FB487E100AF7A19 /* KCCookbookController.m in Sources */,
				77423DFD0FB49AA100A39860 /* KCImageAndTextCell.m in Sources */,
			);
			runOnlyForDeploymentPostprocessing = 0;
		};
/* End PBXSourcesBuildPhase section */

/* Begin PBXVariantGroup section */
		089C165CFE840E0CC02AAC07 /* InfoPlist.strings */ = {
			isa = PBXVariantGroup;
			children = (
				089C165DFE840E0CC02AAC07 /* English */,
			);
			name = InfoPlist.strings;
			sourceTree = "<group>";
		};
		1DDD58140DA1D0A300B32029 /* MainMenu.xib */ = {
			isa = PBXVariantGroup;
			children = (
				1DDD58150DA1D0A300B32029 /* English */,
			);
			name = MainMenu.xib;
			sourceTree = "<group>";
		};
		77577DB10FB2FFF5000E2604 /* Registrations.xib */ = {
			isa = PBXVariantGroup;
			children = (
				77577DAF0FB2FFF1000E2604 /* English */,
			);
			name = Registrations.xib;
			sourceTree = "<group>";
		};
		77683DDC0FB2370C003FD7B4 /* LoginWindow.xib */ = {
			isa = PBXVariantGroup;
			children = (
				77683DDD0FB2370C003FD7B4 /* English */,
			);
			name = LoginWindow.xib;
			sourceTree = "<group>";
		};
		778EF94B0FB23EDD00FE49FC /* MainWindow.xib */ = {
			isa = PBXVariantGroup;
			children = (
				778EF9470FB23EB200FE49FC /* English */,
			);
			name = MainWindow.xib;
			sourceTree = "<group>";
		};
		779F7EC60FB483FA00AF7A19 /* Status.xib */ = {
			isa = PBXVariantGroup;
			children = (
				779F7EC40FB483F600AF7A19 /* English */,
			);
			name = Status.xib;
			sourceTree = "<group>";
		};
		779F7EE10FB4887600AF7A19 /* Cookbook.xib */ = {
			isa = PBXVariantGroup;
			children = (
				779F7EDF0FB4887000AF7A19 /* English */,
			);
			name = Cookbook.xib;
			sourceTree = "<group>";
		};
		77C484530FB309980098C82D /* Search.xib */ = {
			isa = PBXVariantGroup;
			children = (
				77C484510FB309940098C82D /* English */,
			);
			name = Search.xib;
			sourceTree = "<group>";
		};
		77C5C21B0FB34D6E006D6BC8 /* Nodes.xib */ = {
			isa = PBXVariantGroup;
			children = (
				77C5C2190FB34D68006D6BC8 /* English */,
			);
			name = Nodes.xib;
			sourceTree = "<group>";
		};
/* End PBXVariantGroup section */

/* Begin XCBuildConfiguration section */
		C01FCF4B08A954540054247B /* Debug */ = {
			isa = XCBuildConfiguration;
			buildSettings = {
				ALWAYS_SEARCH_USER_PATHS = NO;
				COPY_PHASE_STRIP = NO;
				GCC_DYNAMIC_NO_PIC = NO;
				GCC_ENABLE_FIX_AND_CONTINUE = YES;
				GCC_MODEL_TUNING = G5;
				GCC_OPTIMIZATION_LEVEL = 0;
				GCC_PRECOMPILE_PREFIX_HEADER = YES;
				GCC_PREFIX_HEADER = Cuisine_Prefix.pch;
				INFOPLIST_FILE = Info.plist;
				INSTALL_PATH = "$(HOME)/Applications";
				PRODUCT_NAME = Cuisine;
			};
			name = Debug;
		};
		C01FCF4C08A954540054247B /* Release */ = {
			isa = XCBuildConfiguration;
			buildSettings = {
				ALWAYS_SEARCH_USER_PATHS = NO;
				DEBUG_INFORMATION_FORMAT = "dwarf-with-dsym";
				GCC_MODEL_TUNING = G5;
				GCC_PRECOMPILE_PREFIX_HEADER = YES;
				GCC_PREFIX_HEADER = Cuisine_Prefix.pch;
				INFOPLIST_FILE = Info.plist;
				INSTALL_PATH = "$(HOME)/Applications";
				PRODUCT_NAME = Cuisine;
			};
			name = Release;
		};
		C01FCF4F08A954540054247B /* Debug */ = {
			isa = XCBuildConfiguration;
			buildSettings = {
				ARCHS = "$(ARCHS_STANDARD_32_BIT)";
				GCC_C_LANGUAGE_STANDARD = c99;
				GCC_ENABLE_OBJC_GC = supported;
				GCC_OPTIMIZATION_LEVEL = 0;
				GCC_WARN_ABOUT_RETURN_TYPE = YES;
				GCC_WARN_UNUSED_VARIABLE = YES;
				ONLY_ACTIVE_ARCH = YES;
				PREBINDING = NO;
				SDKROOT = macosx10.5;
			};
			name = Debug;
		};
		C01FCF5008A954540054247B /* Release */ = {
			isa = XCBuildConfiguration;
			buildSettings = {
				ARCHS = "$(ARCHS_STANDARD_32_BIT)";
				GCC_C_LANGUAGE_STANDARD = c99;
				GCC_ENABLE_OBJC_GC = supported;
				GCC_WARN_ABOUT_RETURN_TYPE = YES;
				GCC_WARN_UNUSED_VARIABLE = YES;
				PREBINDING = NO;
				SDKROOT = macosx10.5;
			};
			name = Release;
		};
/* End XCBuildConfiguration section */

/* Begin XCConfigurationList section */
		C01FCF4A08A954540054247B /* Build configuration list for PBXNativeTarget "Cuisine" */ = {
			isa = XCConfigurationList;
			buildConfigurations = (
				C01FCF4B08A954540054247B /* Debug */,
				C01FCF4C08A954540054247B /* Release */,
			);
			defaultConfigurationIsVisible = 0;
			defaultConfigurationName = Release;
		};
		C01FCF4E08A954540054247B /* Build configuration list for PBXProject "Cuisine" */ = {
			isa = XCConfigurationList;
			buildConfigurations = (
				C01FCF4F08A954540054247B /* Debug */,
				C01FCF5008A954540054247B /* Release */,
			);
			defaultConfigurationIsVisible = 0;
			defaultConfigurationName = Release;
		};
/* End XCConfigurationList section */
	};
	rootObject = 29B97313FDCFA39411CA2CEA /* Project object */;
}
