// !$*UTF8*$!
{
	archiveVersion = 1;
	classes = {
	};
	objectVersion = 45;
	objects = {

/* Begin PBXBuildFile section */
		1DDD58160DA1D0A300B32029 /* MainMenu.xib in Resources */ = {isa = PBXBuildFile; fileRef = 1DDD58140DA1D0A300B32029 /* MainMenu.xib */; };
		77423DFD0FB49AA100A39860 /* KCImageAndTextCell.m in Sources */ = {isa = PBXBuildFile; fileRef = 77423DFC0FB49AA100A39860 /* KCImageAndTextCell.m */; };
		77423EA90FB4F74100A39860 /* centos.gif in Resources */ = {isa = PBXBuildFile; fileRef = 77423EA20FB4F74100A39860 /* centos.gif */; };
		77423EAA0FB4F74100A39860 /* Database.tiff in Resources */ = {isa = PBXBuildFile; fileRef = 77423EA30FB4F74100A39860 /* Database.tiff */; };
		77423EAB0FB4F74100A39860 /* debian.gif in Resources */ = {isa = PBXBuildFile; fileRef = 77423EA40FB4F74100A39860 /* debian.gif */; };
		77423EAC0FB4F74100A39860 /* fedora.gif in Resources */ = {isa = PBXBuildFile; fileRef = 77423EA50FB4F74100A39860 /* fedora.gif */; };
		77423EAD0FB4F74100A39860 /* linux.gif in Resources */ = {isa = PBXBuildFile; fileRef = 77423EA60FB4F74100A39860 /* linux.gif */; };
		77423EAE0FB4F74100A39860 /* Spotlight.tiff in Resources */ = {isa = PBXBuildFile; fileRef = 77423EA70FB4F74100A39860 /* Spotlight.tiff */; };
		77423EAF0FB4F74100A39860 /* ubuntu.gif in Resources */ = {isa = PBXBuildFile; fileRef = 77423EA80FB4F74100A39860 /* ubuntu.gif */; };
		77423EBE0FB4FA0300A39860 /* Delete.tiff in Resources */ = {isa = PBXBuildFile; fileRef = 77423EBC0FB4FA0300A39860 /* Delete.tiff */; };
		77423EBF0FB4FA0300A39860 /* reload.tiff in Resources */ = {isa = PBXBuildFile; fileRef = 77423EBD0FB4FA0300A39860 /* reload.tiff */; };
		774DD65E0FBB2140004C03A2 /* JSON.framework in Frameworks */ = {isa = PBXBuildFile; fileRef = 774DD65D0FBB2140004C03A2 /* JSON.framework */; };
		774DD6680FBB2145004C03A2 /* JSON.framework in CopyFiles */ = {isa = PBXBuildFile; fileRef = 774DD65D0FBB2140004C03A2 /* JSON.framework */; };
		77577DB20FB2FFF5000E2604 /* Registrations.xib in Resources */ = {isa = PBXBuildFile; fileRef = 77577DB10FB2FFF5000E2604 /* Registrations.xib */; };
		77577DB60FB3038C000E2604 /* KCRegistrationsController.m in Sources */ = {isa = PBXBuildFile; fileRef = 77577DB50FB3038C000E2604 /* KCRegistrationsController.m */; };
		775C57CC0FB6E43E002BA3BB /* Credits.rtf in Resources */ = {isa = PBXBuildFile; fileRef = 775C57CB0FB6E43E002BA3BB /* Credits.rtf */; };
		77683DC80FB2346E003FD7B4 /* KCLoginWindowController.m in Sources */ = {isa = PBXBuildFile; fileRef = 77683DC70FB2346E003FD7B4 /* KCLoginWindowController.m */; };
		77683DDE0FB2370C003FD7B4 /* LoginWindow.xib in Resources */ = {isa = PBXBuildFile; fileRef = 77683DDC0FB2370C003FD7B4 /* LoginWindow.xib */; };
		77683DF80FB23983003FD7B4 /* KCMainWindowController.m in Sources */ = {isa = PBXBuildFile; fileRef = 77683DF70FB23983003FD7B4 /* KCMainWindowController.m */; };
		77683E070FB239F4003FD7B4 /* KCApplicationDelegate.m in Sources */ = {isa = PBXBuildFile; fileRef = 77683E060FB239F4003FD7B4 /* KCApplicationDelegate.m */; };
		776B00FC0FB6180F00F0EC94 /* KCViewController.m in Sources */ = {isa = PBXBuildFile; fileRef = 776B00FB0FB6180F00F0EC94 /* KCViewController.m */; };
		776B01620FB626EE00F0EC94 /* KCValueTransformers.m in Sources */ = {isa = PBXBuildFile; fileRef = 776B01610FB626EE00F0EC94 /* KCValueTransformers.m */; };
		776BFEB30FB5F59700F0EC94 /* KCRegistration.m in Sources */ = {isa = PBXBuildFile; fileRef = 776BFEB20FB5F59700F0EC94 /* KCRegistration.m */; };
		777DECD70FBFA5410095EB25 /* QuartzCore.framework in Frameworks */ = {isa = PBXBuildFile; fileRef = 777DECD60FBFA5410095EB25 /* QuartzCore.framework */; };
		778EF94C0FB23EDD00FE49FC /* MainWindow.xib in Resources */ = {isa = PBXBuildFile; fileRef = 778EF94B0FB23EDD00FE49FC /* MainWindow.xib */; };
		778EFA300FB2563200FE49FC /* KCAbstractNode.m in Sources */ = {isa = PBXBuildFile; fileRef = 778EFA2F0FB2563200FE49FC /* KCAbstractNode.m */; };
		779EF7BA0FB7391D000C014B /* Casserole.icns in Resources */ = {isa = PBXBuildFile; fileRef = 779EF7B90FB7391D000C014B /* Casserole.icns */; };
		779F7EC70FB483FA00AF7A19 /* Status.xib in Resources */ = {isa = PBXBuildFile; fileRef = 779F7EC60FB483FA00AF7A19 /* Status.xib */; };
		779F7ECB0FB485BE00AF7A19 /* KCStatusController.m in Sources */ = {isa = PBXBuildFile; fileRef = 779F7ECA0FB485BE00AF7A19 /* KCStatusController.m */; };
		779F7EDD0FB487E100AF7A19 /* KCCookbookController.m in Sources */ = {isa = PBXBuildFile; fileRef = 779F7EDC0FB487E100AF7A19 /* KCCookbookController.m */; };
		779F7EE20FB4887600AF7A19 /* Cookbook.xib in Resources */ = {isa = PBXBuildFile; fileRef = 779F7EE10FB4887600AF7A19 /* Cookbook.xib */; };
		77A53AC00FB5916E00040FC6 /* KCNodeController.m in Sources */ = {isa = PBXBuildFile; fileRef = 77A53ABF0FB5916E00040FC6 /* KCNodeController.m */; };
		77A53AE40FB594EB00040FC6 /* Node.xib in Resources */ = {isa = PBXBuildFile; fileRef = 77A53AE30FB594EB00040FC6 /* Node.xib */; };
		77A53AF90FB5A40D00040FC6 /* Cookbooks.xib in Resources */ = {isa = PBXBuildFile; fileRef = 77A53AF80FB5A40D00040FC6 /* Cookbooks.xib */; };
		77A53AFE0FB5A4E700040FC6 /* KCCookbooksController.m in Sources */ = {isa = PBXBuildFile; fileRef = 77A53AFD0FB5A4E700040FC6 /* KCCookbooksController.m */; };
		77A53B260FB5A75600040FC6 /* KCChefConnection.m in Sources */ = {isa = PBXBuildFile; fileRef = 77A53B250FB5A75600040FC6 /* KCChefConnection.m */; };
		77A53B910FB5B48500040FC6 /* KCNetworkOperation.m in Sources */ = {isa = PBXBuildFile; fileRef = 77A53B900FB5B48500040FC6 /* KCNetworkOperation.m */; };
		77B85FB70FC062B000AC2A91 /* LICENSE.txt in Resources */ = {isa = PBXBuildFile; fileRef = 77B85FB60FC062B000AC2A91 /* LICENSE.txt */; };
		77B85FC00FC067C300AC2A91 /* KCCookbook.m in Sources */ = {isa = PBXBuildFile; fileRef = 77B85FBF0FC067C300AC2A91 /* KCCookbook.m */; };
		77C484540FB309980098C82D /* Search.xib in Resources */ = {isa = PBXBuildFile; fileRef = 77C484530FB309980098C82D /* Search.xib */; };
		77C484580FB309CB0098C82D /* KCSearchController.m in Sources */ = {isa = PBXBuildFile; fileRef = 77C484570FB309CB0098C82D /* KCSearchController.m */; };
		77C5C2150FB34CA9006D6BC8 /* KCNodesController.m in Sources */ = {isa = PBXBuildFile; fileRef = 77C5C2140FB34CA9006D6BC8 /* KCNodesController.m */; };
		77C5C21C0FB34D6E006D6BC8 /* Nodes.xib in Resources */ = {isa = PBXBuildFile; fileRef = 77C5C21B0FB34D6E006D6BC8 /* Nodes.xib */; };
		77D4397A0FB5E6DD00F7867F /* KCNode.m in Sources */ = {isa = PBXBuildFile; fileRef = 77D439790FB5E6DD00F7867F /* KCNode.m */; };
		8D11072B0486CEB800E47090 /* InfoPlist.strings in Resources */ = {isa = PBXBuildFile; fileRef = 089C165CFE840E0CC02AAC07 /* InfoPlist.strings */; };
		8D11072D0486CEB800E47090 /* main.m in Sources */ = {isa = PBXBuildFile; fileRef = 29B97316FDCFA39411CA2CEA /* main.m */; settings = {ATTRIBUTES = (); }; };
		8D11072F0486CEB800E47090 /* Cocoa.framework in Frameworks */ = {isa = PBXBuildFile; fileRef = 1058C7A1FEA54F0111CA2CBB /* Cocoa.framework */; };
/* End PBXBuildFile section */

/* Begin PBXCopyFilesBuildPhase section */
		774DD65A0FBB20BF004C03A2 /* CopyFiles */ = {
			isa = PBXCopyFilesBuildPhase;
			buildActionMask = 2147483647;
			dstPath = "";
			dstSubfolderSpec = 10;
			files = (
				774DD6680FBB2145004C03A2 /* JSON.framework in CopyFiles */,
			);
			runOnlyForDeploymentPostprocessing = 0;
		};
/* End PBXCopyFilesBuildPhase section */

/* Begin PBXFileReference section */
		089C165DFE840E0CC02AAC07 /* English */ = {isa = PBXFileReference; fileEncoding = 10; lastKnownFileType = text.plist.strings; name = English; path = English.lproj/InfoPlist.strings; sourceTree = "<group>"; };
		1058C7A1FEA54F0111CA2CBB /* Cocoa.framework */ = {isa = PBXFileReference; lastKnownFileType = wrapper.framework; name = Cocoa.framework; path = /System/Library/Frameworks/Cocoa.framework; sourceTree = "<absolute>"; };
		13E42FB307B3F0F600E4EEF1 /* CoreData.framework */ = {isa = PBXFileReference; lastKnownFileType = wrapper.framework; name = CoreData.framework; path = /System/Library/Frameworks/CoreData.framework; sourceTree = "<absolute>"; };
		1DDD58150DA1D0A300B32029 /* English */ = {isa = PBXFileReference; lastKnownFileType = file.xib; name = English; path = English.lproj/MainMenu.xib; sourceTree = "<group>"; };
		29B97316FDCFA39411CA2CEA /* main.m */ = {isa = PBXFileReference; fileEncoding = 4; lastKnownFileType = sourcecode.c.objc; path = main.m; sourceTree = "<group>"; };
		29B97324FDCFA39411CA2CEA /* AppKit.framework */ = {isa = PBXFileReference; lastKnownFileType = wrapper.framework; name = AppKit.framework; path = /System/Library/Frameworks/AppKit.framework; sourceTree = "<absolute>"; };
		29B97325FDCFA39411CA2CEA /* Foundation.framework */ = {isa = PBXFileReference; lastKnownFileType = wrapper.framework; name = Foundation.framework; path = /System/Library/Frameworks/Foundation.framework; sourceTree = "<absolute>"; };
		32CA4F630368D1EE00C91783 /* Casserole_Prefix.pch */ = {isa = PBXFileReference; fileEncoding = 4; lastKnownFileType = sourcecode.c.h; path = Casserole_Prefix.pch; sourceTree = "<group>"; };
		77423DFB0FB49AA100A39860 /* KCImageAndTextCell.h */ = {isa = PBXFileReference; fileEncoding = 4; lastKnownFileType = sourcecode.c.h; path = KCImageAndTextCell.h; sourceTree = "<group>"; };
		77423DFC0FB49AA100A39860 /* KCImageAndTextCell.m */ = {isa = PBXFileReference; fileEncoding = 4; lastKnownFileType = sourcecode.c.objc; path = KCImageAndTextCell.m; sourceTree = "<group>"; };
		77423EA20FB4F74100A39860 /* centos.gif */ = {isa = PBXFileReference; lastKnownFileType = image.gif; path = centos.gif; sourceTree = "<group>"; };
		77423EA30FB4F74100A39860 /* Database.tiff */ = {isa = PBXFileReference; lastKnownFileType = image.tiff; path = Database.tiff; sourceTree = "<group>"; };
		77423EA40FB4F74100A39860 /* debian.gif */ = {isa = PBXFileReference; lastKnownFileType = image.gif; path = debian.gif; sourceTree = "<group>"; };
		77423EA50FB4F74100A39860 /* fedora.gif */ = {isa = PBXFileReference; lastKnownFileType = image.gif; path = fedora.gif; sourceTree = "<group>"; };
		77423EA60FB4F74100A39860 /* linux.gif */ = {isa = PBXFileReference; lastKnownFileType = image.gif; path = linux.gif; sourceTree = "<group>"; };
		77423EA70FB4F74100A39860 /* Spotlight.tiff */ = {isa = PBXFileReference; lastKnownFileType = image.tiff; path = Spotlight.tiff; sourceTree = "<group>"; };
		77423EA80FB4F74100A39860 /* ubuntu.gif */ = {isa = PBXFileReference; lastKnownFileType = image.gif; path = ubuntu.gif; sourceTree = "<group>"; };
		77423EBC0FB4FA0300A39860 /* Delete.tiff */ = {isa = PBXFileReference; lastKnownFileType = image.tiff; path = Delete.tiff; sourceTree = "<group>"; };
		77423EBD0FB4FA0300A39860 /* reload.tiff */ = {isa = PBXFileReference; lastKnownFileType = image.tiff; path = reload.tiff; sourceTree = "<group>"; };
		774DD65D0FBB2140004C03A2 /* JSON.framework */ = {isa = PBXFileReference; lastKnownFileType = wrapper.framework; name = JSON.framework; path = "third-party/JSON.framework"; sourceTree = "<group>"; };
		77577DAF0FB2FFF1000E2604 /* English */ = {isa = PBXFileReference; lastKnownFileType = file.xib; name = English; path = English.lproj/Registrations.xib; sourceTree = "<group>"; };
		77577DB40FB3038C000E2604 /* KCRegistrationsController.h */ = {isa = PBXFileReference; fileEncoding = 4; lastKnownFileType = sourcecode.c.h; path = KCRegistrationsController.h; sourceTree = "<group>"; };
		77577DB50FB3038C000E2604 /* KCRegistrationsController.m */ = {isa = PBXFileReference; fileEncoding = 4; lastKnownFileType = sourcecode.c.objc; path = KCRegistrationsController.m; sourceTree = "<group>"; };
		775C57CB0FB6E43E002BA3BB /* Credits.rtf */ = {isa = PBXFileReference; lastKnownFileType = text.rtf; path = Credits.rtf; sourceTree = "<group>"; };
		77683DC60FB2346E003FD7B4 /* KCLoginWindowController.h */ = {isa = PBXFileReference; fileEncoding = 4; lastKnownFileType = sourcecode.c.h; path = KCLoginWindowController.h; sourceTree = "<group>"; };
		77683DC70FB2346E003FD7B4 /* KCLoginWindowController.m */ = {isa = PBXFileReference; fileEncoding = 4; lastKnownFileType = sourcecode.c.objc; path = KCLoginWindowController.m; sourceTree = "<group>"; };
		77683DDD0FB2370C003FD7B4 /* English */ = {isa = PBXFileReference; lastKnownFileType = file.xib; name = English; path = English.lproj/LoginWindow.xib; sourceTree = "<group>"; };
		77683DF60FB23983003FD7B4 /* KCMainWindowController.h */ = {isa = PBXFileReference; fileEncoding = 4; lastKnownFileType = sourcecode.c.h; path = KCMainWindowController.h; sourceTree = "<group>"; };
		77683DF70FB23983003FD7B4 /* KCMainWindowController.m */ = {isa = PBXFileReference; fileEncoding = 4; lastKnownFileType = sourcecode.c.objc; path = KCMainWindowController.m; sourceTree = "<group>"; };
		77683E050FB239F4003FD7B4 /* KCApplicationDelegate.h */ = {isa = PBXFileReference; fileEncoding = 4; lastKnownFileType = sourcecode.c.h; path = KCApplicationDelegate.h; sourceTree = "<group>"; };
		77683E060FB239F4003FD7B4 /* KCApplicationDelegate.m */ = {isa = PBXFileReference; fileEncoding = 4; lastKnownFileType = sourcecode.c.objc; path = KCApplicationDelegate.m; sourceTree = "<group>"; };
		776B00FA0FB6180F00F0EC94 /* KCViewController.h */ = {isa = PBXFileReference; fileEncoding = 4; lastKnownFileType = sourcecode.c.h; path = KCViewController.h; sourceTree = "<group>"; };
		776B00FB0FB6180F00F0EC94 /* KCViewController.m */ = {isa = PBXFileReference; fileEncoding = 4; lastKnownFileType = sourcecode.c.objc; path = KCViewController.m; sourceTree = "<group>"; };
		776B01600FB626EE00F0EC94 /* KCValueTransformers.h */ = {isa = PBXFileReference; fileEncoding = 4; lastKnownFileType = sourcecode.c.h; path = KCValueTransformers.h; sourceTree = "<group>"; };
		776B01610FB626EE00F0EC94 /* KCValueTransformers.m */ = {isa = PBXFileReference; fileEncoding = 4; lastKnownFileType = sourcecode.c.objc; path = KCValueTransformers.m; sourceTree = "<group>"; };
		776BFEB10FB5F59700F0EC94 /* KCRegistration.h */ = {isa = PBXFileReference; fileEncoding = 4; lastKnownFileType = sourcecode.c.h; path = KCRegistration.h; sourceTree = "<group>"; };
		776BFEB20FB5F59700F0EC94 /* KCRegistration.m */ = {isa = PBXFileReference; fileEncoding = 4; lastKnownFileType = sourcecode.c.objc; path = KCRegistration.m; sourceTree = "<group>"; };
		777DECD60FBFA5410095EB25 /* QuartzCore.framework */ = {isa = PBXFileReference; lastKnownFileType = wrapper.framework; name = QuartzCore.framework; path = /System/Library/Frameworks/QuartzCore.framework; sourceTree = "<absolute>"; };
		778EF9470FB23EB200FE49FC /* English */ = {isa = PBXFileReference; lastKnownFileType = file.xib; name = English; path = English.lproj/MainWindow.xib; sourceTree = "<group>"; };
		778EFA2E0FB2563200FE49FC /* KCAbstractNode.h */ = {isa = PBXFileReference; fileEncoding = 4; lastKnownFileType = sourcecode.c.h; path = KCAbstractNode.h; sourceTree = "<group>"; };
		778EFA2F0FB2563200FE49FC /* KCAbstractNode.m */ = {isa = PBXFileReference; fileEncoding = 4; lastKnownFileType = sourcecode.c.objc; path = KCAbstractNode.m; sourceTree = "<group>"; };
		779EF7B90FB7391D000C014B /* Casserole.icns */ = {isa = PBXFileReference; lastKnownFileType = image.icns; path = Casserole.icns; sourceTree = "<group>"; };
		779F7EC40FB483F600AF7A19 /* English */ = {isa = PBXFileReference; lastKnownFileType = file.xib; name = English; path = English.lproj/Status.xib; sourceTree = "<group>"; };
		779F7EC90FB485BE00AF7A19 /* KCStatusController.h */ = {isa = PBXFileReference; fileEncoding = 4; lastKnownFileType = sourcecode.c.h; path = KCStatusController.h; sourceTree = "<group>"; };
		779F7ECA0FB485BE00AF7A19 /* KCStatusController.m */ = {isa = PBXFileReference; fileEncoding = 4; lastKnownFileType = sourcecode.c.objc; path = KCStatusController.m; sourceTree = "<group>"; };
		779F7EDB0FB487E100AF7A19 /* KCCookbookController.h */ = {isa = PBXFileReference; fileEncoding = 4; lastKnownFileType = sourcecode.c.h; path = KCCookbookController.h; sourceTree = "<group>"; };
		779F7EDC0FB487E100AF7A19 /* KCCookbookController.m */ = {isa = PBXFileReference; fileEncoding = 4; lastKnownFileType = sourcecode.c.objc; path = KCCookbookController.m; sourceTree = "<group>"; };
		779F7EDF0FB4887000AF7A19 /* English */ = {isa = PBXFileReference; lastKnownFileType = file.xib; name = English; path = English.lproj/Cookbook.xib; sourceTree = "<group>"; };
		77A53ABE0FB5916E00040FC6 /* KCNodeController.h */ = {isa = PBXFileReference; fileEncoding = 4; lastKnownFileType = sourcecode.c.h; path = KCNodeController.h; sourceTree = "<group>"; };
		77A53ABF0FB5916E00040FC6 /* KCNodeController.m */ = {isa = PBXFileReference; fileEncoding = 4; lastKnownFileType = sourcecode.c.objc; path = KCNodeController.m; sourceTree = "<group>"; };
		77A53AE10FB594E600040FC6 /* English */ = {isa = PBXFileReference; lastKnownFileType = file.xib; name = English; path = English.lproj/Node.xib; sourceTree = "<group>"; };
		77A53AF60FB5A40700040FC6 /* English */ = {isa = PBXFileReference; lastKnownFileType = file.xib; name = English; path = English.lproj/Cookbooks.xib; sourceTree = "<group>"; };
		77A53AFC0FB5A4E700040FC6 /* KCCookbooksController.h */ = {isa = PBXFileReference; fileEncoding = 4; lastKnownFileType = sourcecode.c.h; path = KCCookbooksController.h; sourceTree = "<group>"; };
		77A53AFD0FB5A4E700040FC6 /* KCCookbooksController.m */ = {isa = PBXFileReference; fileEncoding = 4; lastKnownFileType = sourcecode.c.objc; path = KCCookbooksController.m; sourceTree = "<group>"; };
		77A53B240FB5A75600040FC6 /* KCChefConnection.h */ = {isa = PBXFileReference; fileEncoding = 4; lastKnownFileType = sourcecode.c.h; path = KCChefConnection.h; sourceTree = "<group>"; };
		77A53B250FB5A75600040FC6 /* KCChefConnection.m */ = {isa = PBXFileReference; fileEncoding = 4; lastKnownFileType = sourcecode.c.objc; path = KCChefConnection.m; sourceTree = "<group>"; };
		77A53B8F0FB5B48500040FC6 /* KCNetworkOperation.h */ = {isa = PBXFileReference; fileEncoding = 4; lastKnownFileType = sourcecode.c.h; path = KCNetworkOperation.h; sourceTree = "<group>"; };
		77A53B900FB5B48500040FC6 /* KCNetworkOperation.m */ = {isa = PBXFileReference; fileEncoding = 4; lastKnownFileType = sourcecode.c.objc; path = KCNetworkOperation.m; sourceTree = "<group>"; };
		77B85FB60FC062B000AC2A91 /* LICENSE.txt */ = {isa = PBXFileReference; fileEncoding = 4; lastKnownFileType = text; path = LICENSE.txt; sourceTree = "<group>"; };
		77B85FBE0FC067C300AC2A91 /* KCCookbook.h */ = {isa = PBXFileReference; fileEncoding = 4; lastKnownFileType = sourcecode.c.h; path = KCCookbook.h; sourceTree = "<group>"; };
		77B85FBF0FC067C300AC2A91 /* KCCookbook.m */ = {isa = PBXFileReference; fileEncoding = 4; lastKnownFileType = sourcecode.c.objc; path = KCCookbook.m; sourceTree = "<group>"; };
		77C484510FB309940098C82D /* English */ = {isa = PBXFileReference; lastKnownFileType = file.xib; name = English; path = English.lproj/Search.xib; sourceTree = "<group>"; };
		77C484560FB309CB0098C82D /* KCSearchController.h */ = {isa = PBXFileReference; fileEncoding = 4; lastKnownFileType = sourcecode.c.h; path = KCSearchController.h; sourceTree = "<group>"; };
		77C484570FB309CB0098C82D /* KCSearchController.m */ = {isa = PBXFileReference; fileEncoding = 4; lastKnownFileType = sourcecode.c.objc; path = KCSearchController.m; sourceTree = "<group>"; };
		77C5C2130FB34CA9006D6BC8 /* KCNodesController.h */ = {isa = PBXFileReference; fileEncoding = 4; lastKnownFileType = sourcecode.c.h; path = KCNodesController.h; sourceTree = "<group>"; };
		77C5C2140FB34CA9006D6BC8 /* KCNodesController.m */ = {isa = PBXFileReference; fileEncoding = 4; lastKnownFileType = sourcecode.c.objc; path = KCNodesController.m; sourceTree = "<group>"; };
		77C5C2190FB34D68006D6BC8 /* English */ = {isa = PBXFileReference; lastKnownFileType = file.xib; name = English; path = English.lproj/Nodes.xib; sourceTree = "<group>"; };
		77D439780FB5E6DD00F7867F /* KCNode.h */ = {isa = PBXFileReference; fileEncoding = 4; lastKnownFileType = sourcecode.c.h; path = KCNode.h; sourceTree = "<group>"; };
		77D439790FB5E6DD00F7867F /* KCNode.m */ = {isa = PBXFileReference; fileEncoding = 4; lastKnownFileType = sourcecode.c.objc; path = KCNode.m; sourceTree = "<group>"; };
		8D1107310486CEB800E47090 /* Info.plist */ = {isa = PBXFileReference; fileEncoding = 4; lastKnownFileType = text.plist.xml; path = Info.plist; sourceTree = "<group>"; };
		8D1107320486CEB800E47090 /* Casserole.app */ = {isa = PBXFileReference; explicitFileType = wrapper.application; includeInIndex = 0; path = Casserole.app; sourceTree = BUILT_PRODUCTS_DIR; };
/* End PBXFileReference section */

/* Begin PBXFrameworksBuildPhase section */
		8D11072E0486CEB800E47090 /* Frameworks */ = {
			isa = PBXFrameworksBuildPhase;
			buildActionMask = 2147483647;
			files = (
				8D11072F0486CEB800E47090 /* Cocoa.framework in Frameworks */,
				774DD65E0FBB2140004C03A2 /* JSON.framework in Frameworks */,
				777DECD70FBFA5410095EB25 /* QuartzCore.framework in Frameworks */,
			);
			runOnlyForDeploymentPostprocessing = 0;
		};
/* End PBXFrameworksBuildPhase section */

/* Begin PBXGroup section */
		080E96DDFE201D6D7F000001 /* Classes */ = {
			isa = PBXGroup;
			children = (
				778EFA290FB255A300FE49FC /* core */,
				77683DC20FB23426003FD7B4 /* gui */,
				77CC5CA20FB805AC0080386C /* third-party */,
			);
			name = Classes;
			sourceTree = "<group>";
		};
		1058C7A0FEA54F0111CA2CBB /* Linked Frameworks */ = {
			isa = PBXGroup;
			children = (
				777DECD60FBFA5410095EB25 /* QuartzCore.framework */,
				774DD65D0FBB2140004C03A2 /* JSON.framework */,
				1058C7A1FEA54F0111CA2CBB /* Cocoa.framework */,
			);
			name = "Linked Frameworks";
			sourceTree = "<group>";
		};
		1058C7A2FEA54F0111CA2CBB /* Other Frameworks */ = {
			isa = PBXGroup;
			children = (
				29B97324FDCFA39411CA2CEA /* AppKit.framework */,
				13E42FB307B3F0F600E4EEF1 /* CoreData.framework */,
				29B97325FDCFA39411CA2CEA /* Foundation.framework */,
			);
			name = "Other Frameworks";
			sourceTree = "<group>";
		};
		19C28FACFE9D520D11CA2CBB /* Products */ = {
			isa = PBXGroup;
			children = (
				8D1107320486CEB800E47090 /* Casserole.app */,
			);
			name = Products;
			sourceTree = "<group>";
		};
		29B97314FDCFA39411CA2CEA /* Casserole */ = {
			isa = PBXGroup;
			children = (
				77B85FB60FC062B000AC2A91 /* LICENSE.txt */,
				080E96DDFE201D6D7F000001 /* Classes */,
				29B97315FDCFA39411CA2CEA /* Other Sources */,
				29B97317FDCFA39411CA2CEA /* Resources */,
				29B97323FDCFA39411CA2CEA /* Frameworks */,
				19C28FACFE9D520D11CA2CBB /* Products */,
			);
			name = Casserole;
			sourceTree = "<group>";
		};
		29B97315FDCFA39411CA2CEA /* Other Sources */ = {
			isa = PBXGroup;
			children = (
				32CA4F630368D1EE00C91783 /* Casserole_Prefix.pch */,
				29B97316FDCFA39411CA2CEA /* main.m */,
			);
			name = "Other Sources";
			sourceTree = "<group>";
		};
		29B97317FDCFA39411CA2CEA /* Resources */ = {
			isa = PBXGroup;
			children = (
				775C57CB0FB6E43E002BA3BB /* Credits.rtf */,
				77423E980FB4F63B00A39860 /* assets */,
				8D1107310486CEB800E47090 /* Info.plist */,
				089C165CFE840E0CC02AAC07 /* InfoPlist.strings */,
				1DDD58140DA1D0A300B32029 /* MainMenu.xib */,
				77683DDC0FB2370C003FD7B4 /* LoginWindow.xib */,
				778EF94B0FB23EDD00FE49FC /* MainWindow.xib */,
				77577DB10FB2FFF5000E2604 /* Registrations.xib */,
				77C484530FB309980098C82D /* Search.xib */,
				77C5C21B0FB34D6E006D6BC8 /* Nodes.xib */,
				779F7EC60FB483FA00AF7A19 /* Status.xib */,
				779F7EE10FB4887600AF7A19 /* Cookbook.xib */,
				77A53AE30FB594EB00040FC6 /* Node.xib */,
				77A53AF80FB5A40D00040FC6 /* Cookbooks.xib */,
			);
			name = Resources;
			sourceTree = "<group>";
		};
		29B97323FDCFA39411CA2CEA /* Frameworks */ = {
			isa = PBXGroup;
			children = (
				1058C7A0FEA54F0111CA2CBB /* Linked Frameworks */,
				1058C7A2FEA54F0111CA2CBB /* Other Frameworks */,
			);
			name = Frameworks;
			sourceTree = "<group>";
		};
		77423E980FB4F63B00A39860 /* assets */ = {
			isa = PBXGroup;
			children = (
				779EF7B90FB7391D000C014B /* Casserole.icns */,
				77423EBC0FB4FA0300A39860 /* Delete.tiff */,
				77423EBD0FB4FA0300A39860 /* reload.tiff */,
				77423EA20FB4F74100A39860 /* centos.gif */,
				77423EA30FB4F74100A39860 /* Database.tiff */,
				77423EA40FB4F74100A39860 /* debian.gif */,
				77423EA50FB4F74100A39860 /* fedora.gif */,
				77423EA60FB4F74100A39860 /* linux.gif */,
				77423EA70FB4F74100A39860 /* Spotlight.tiff */,
				77423EA80FB4F74100A39860 /* ubuntu.gif */,
			);
			path = assets;
			sourceTree = "<group>";
		};
		77683DC20FB23426003FD7B4 /* gui */ = {
			isa = PBXGroup;
			children = (
				77683E050FB239F4003FD7B4 /* KCApplicationDelegate.h */,
				77683E060FB239F4003FD7B4 /* KCApplicationDelegate.m */,
				77683DC60FB2346E003FD7B4 /* KCLoginWindowController.h */,
				77683DC70FB2346E003FD7B4 /* KCLoginWindowController.m */,
				77683DF60FB23983003FD7B4 /* KCMainWindowController.h */,
				77683DF70FB23983003FD7B4 /* KCMainWindowController.m */,
				77423DFB0FB49AA100A39860 /* KCImageAndTextCell.h */,
				77423DFC0FB49AA100A39860 /* KCImageAndTextCell.m */,
				77577DB40FB3038C000E2604 /* KCRegistrationsController.h */,
				77577DB50FB3038C000E2604 /* KCRegistrationsController.m */,
				77C484560FB309CB0098C82D /* KCSearchController.h */,
				77C484570FB309CB0098C82D /* KCSearchController.m */,
				77A53ABE0FB5916E00040FC6 /* KCNodeController.h */,
				77A53ABF0FB5916E00040FC6 /* KCNodeController.m */,
				77C5C2130FB34CA9006D6BC8 /* KCNodesController.h */,
				77C5C2140FB34CA9006D6BC8 /* KCNodesController.m */,
				779F7EC90FB485BE00AF7A19 /* KCStatusController.h */,
				779F7ECA0FB485BE00AF7A19 /* KCStatusController.m */,
				779F7EDB0FB487E100AF7A19 /* KCCookbookController.h */,
				779F7EDC0FB487E100AF7A19 /* KCCookbookController.m */,
				77A53AFC0FB5A4E700040FC6 /* KCCookbooksController.h */,
				77A53AFD0FB5A4E700040FC6 /* KCCookbooksController.m */,
				776B00FA0FB6180F00F0EC94 /* KCViewController.h */,
				776B00FB0FB6180F00F0EC94 /* KCViewController.m */,
				776B01600FB626EE00F0EC94 /* KCValueTransformers.h */,
				776B01610FB626EE00F0EC94 /* KCValueTransformers.m */,
			);
			path = gui;
			sourceTree = "<group>";
		};
		778EFA290FB255A300FE49FC /* core */ = {
			isa = PBXGroup;
			children = (
				778EFA2E0FB2563200FE49FC /* KCAbstractNode.h */,
				778EFA2F0FB2563200FE49FC /* KCAbstractNode.m */,
				77A53B240FB5A75600040FC6 /* KCChefConnection.h */,
				77A53B250FB5A75600040FC6 /* KCChefConnection.m */,
				77A53B8F0FB5B48500040FC6 /* KCNetworkOperation.h */,
				77A53B900FB5B48500040FC6 /* KCNetworkOperation.m */,
				77D439780FB5E6DD00F7867F /* KCNode.h */,
				77D439790FB5E6DD00F7867F /* KCNode.m */,
				776BFEB10FB5F59700F0EC94 /* KCRegistration.h */,
				776BFEB20FB5F59700F0EC94 /* KCRegistration.m */,
				77B85FBE0FC067C300AC2A91 /* KCCookbook.h */,
				77B85FBF0FC067C300AC2A91 /* KCCookbook.m */,
			);
			path = core;
			sourceTree = "<group>";
		};
		77CC5CA20FB805AC0080386C /* third-party */ = {
			isa = PBXGroup;
			children = (
			);
			path = "third-party";
			sourceTree = "<group>";
		};
/* End PBXGroup section */

/* Begin PBXNativeTarget section */
		8D1107260486CEB800E47090 /* Casserole */ = {
			isa = PBXNativeTarget;
			buildConfigurationList = C01FCF4A08A954540054247B /* Build configuration list for PBXNativeTarget "Casserole" */;
			buildPhases = (
				8D1107290486CEB800E47090 /* Resources */,
				8D11072C0486CEB800E47090 /* Sources */,
				8D11072E0486CEB800E47090 /* Frameworks */,
				774DD65A0FBB20BF004C03A2 /* CopyFiles */,
			);
			buildRules = (
			);
			dependencies = (
			);
			name = Casserole;
			productInstallPath = "$(HOME)/Applications";
			productName = Casserole;
			productReference = 8D1107320486CEB800E47090 /* Casserole.app */;
			productType = "com.apple.product-type.application";
		};
/* End PBXNativeTarget section */

/* Begin PBXProject section */
		29B97313FDCFA39411CA2CEA /* Project object */ = {
			isa = PBXProject;
			buildConfigurationList = C01FCF4E08A954540054247B /* Build configuration list for PBXProject "Casserole" */;
			compatibilityVersion = "Xcode 3.1";
			hasScannedForEncodings = 1;
			mainGroup = 29B97314FDCFA39411CA2CEA /* Casserole */;
			projectDirPath = "";
			projectRoot = "";
			targets = (
				8D1107260486CEB800E47090 /* Casserole */,
			);
		};
/* End PBXProject section */

/* Begin PBXResourcesBuildPhase section */
		8D1107290486CEB800E47090 /* Resources */ = {
			isa = PBXResourcesBuildPhase;
			buildActionMask = 2147483647;
			files = (
				8D11072B0486CEB800E47090 /* InfoPlist.strings in Resources */,
				1DDD58160DA1D0A300B32029 /* MainMenu.xib in Resources */,
				77683DDE0FB2370C003FD7B4 /* LoginWindow.xib in Resources */,
				778EF94C0FB23EDD00FE49FC /* MainWindow.xib in Resources */,
				77577DB20FB2FFF5000E2604 /* Registrations.xib in Resources */,
				77C484540FB309980098C82D /* Search.xib in Resources */,
				77C5C21C0FB34D6E006D6BC8 /* Nodes.xib in Resources */,
				779F7EC70FB483FA00AF7A19 /* Status.xib in Resources */,
				779F7EE20FB4887600AF7A19 /* Cookbook.xib in Resources */,
				77423EA90FB4F74100A39860 /* centos.gif in Resources */,
				77423EAA0FB4F74100A39860 /* Database.tiff in Resources */,
				77423EAB0FB4F74100A39860 /* debian.gif in Resources */,
				77423EAC0FB4F74100A39860 /* fedora.gif in Resources */,
				77423EAD0FB4F74100A39860 /* linux.gif in Resources */,
				77423EAE0FB4F74100A39860 /* Spotlight.tiff in Resources */,
				77423EAF0FB4F74100A39860 /* ubuntu.gif in Resources */,
				77423EBE0FB4FA0300A39860 /* Delete.tiff in Resources */,
				77423EBF0FB4FA0300A39860 /* reload.tiff in Resources */,
				77A53AE40FB594EB00040FC6 /* Node.xib in Resources */,
				77A53AF90FB5A40D00040FC6 /* Cookbooks.xib in Resources */,
				775C57CC0FB6E43E002BA3BB /* Credits.rtf in Resources */,
				779EF7BA0FB7391D000C014B /* Casserole.icns in Resources */,
				77B85FB70FC062B000AC2A91 /* LICENSE.txt in Resources */,
			);
			runOnlyForDeploymentPostprocessing = 0;
		};
/* End PBXResourcesBuildPhase section */

/* Begin PBXSourcesBuildPhase section */
		8D11072C0486CEB800E47090 /* Sources */ = {
			isa = PBXSourcesBuildPhase;
			buildActionMask = 2147483647;
			files = (
				8D11072D0486CEB800E47090 /* main.m in Sources */,
				77683DC80FB2346E003FD7B4 /* KCLoginWindowController.m in Sources */,
				77683DF80FB23983003FD7B4 /* KCMainWindowController.m in Sources */,
				77683E070FB239F4003FD7B4 /* KCApplicationDelegate.m in Sources */,
				778EFA300FB2563200FE49FC /* KCAbstractNode.m in Sources */,
				77577DB60FB3038C000E2604 /* KCRegistrationsController.m in Sources */,
				77C484580FB309CB0098C82D /* KCSearchController.m in Sources */,
				77C5C2150FB34CA9006D6BC8 /* KCNodesController.m in Sources */,
				779F7ECB0FB485BE00AF7A19 /* KCStatusController.m in Sources */,
				779F7EDD0FB487E100AF7A19 /* KCCookbookController.m in Sources */,
				77423DFD0FB49AA100A39860 /* KCImageAndTextCell.m in Sources */,
				77A53AC00FB5916E00040FC6 /* KCNodeController.m in Sources */,
				77A53AFE0FB5A4E700040FC6 /* KCCookbooksController.m in Sources */,
				77A53B260FB5A75600040FC6 /* KCChefConnection.m in Sources */,
				77A53B910FB5B48500040FC6 /* KCNetworkOperation.m in Sources */,
				77D4397A0FB5E6DD00F7867F /* KCNode.m in Sources */,
				776BFEB30FB5F59700F0EC94 /* KCRegistration.m in Sources */,
				776B00FC0FB6180F00F0EC94 /* KCViewController.m in Sources */,
				776B01620FB626EE00F0EC94 /* KCValueTransformers.m in Sources */,
				77B85FC00FC067C300AC2A91 /* KCCookbook.m in Sources */,
			);
			runOnlyForDeploymentPostprocessing = 0;
		};
/* End PBXSourcesBuildPhase section */

/* Begin PBXVariantGroup section */
		089C165CFE840E0CC02AAC07 /* InfoPlist.strings */ = {
			isa = PBXVariantGroup;
			children = (
				089C165DFE840E0CC02AAC07 /* English */,
			);
			name = InfoPlist.strings;
			sourceTree = "<group>";
		};
		1DDD58140DA1D0A300B32029 /* MainMenu.xib */ = {
			isa = PBXVariantGroup;
			children = (
				1DDD58150DA1D0A300B32029 /* English */,
			);
			name = MainMenu.xib;
			sourceTree = "<group>";
		};
		77577DB10FB2FFF5000E2604 /* Registrations.xib */ = {
			isa = PBXVariantGroup;
			children = (
				77577DAF0FB2FFF1000E2604 /* English */,
			);
			name = Registrations.xib;
			sourceTree = "<group>";
		};
		77683DDC0FB2370C003FD7B4 /* LoginWindow.xib */ = {
			isa = PBXVariantGroup;
			children = (
				77683DDD0FB2370C003FD7B4 /* English */,
			);
			name = LoginWindow.xib;
			sourceTree = "<group>";
		};
		778EF94B0FB23EDD00FE49FC /* MainWindow.xib */ = {
			isa = PBXVariantGroup;
			children = (
				778EF9470FB23EB200FE49FC /* English */,
			);
			name = MainWindow.xib;
			sourceTree = "<group>";
		};
		779F7EC60FB483FA00AF7A19 /* Status.xib */ = {
			isa = PBXVariantGroup;
			children = (
				779F7EC40FB483F600AF7A19 /* English */,
			);
			name = Status.xib;
			sourceTree = "<group>";
		};
		779F7EE10FB4887600AF7A19 /* Cookbook.xib */ = {
			isa = PBXVariantGroup;
			children = (
				779F7EDF0FB4887000AF7A19 /* English */,
			);
			name = Cookbook.xib;
			sourceTree = "<group>";
		};
		77A53AE30FB594EB00040FC6 /* Node.xib */ = {
			isa = PBXVariantGroup;
			children = (
				77A53AE10FB594E600040FC6 /* English */,
			);
			name = Node.xib;
			sourceTree = "<group>";
		};
		77A53AF80FB5A40D00040FC6 /* Cookbooks.xib */ = {
			isa = PBXVariantGroup;
			children = (
				77A53AF60FB5A40700040FC6 /* English */,
			);
			name = Cookbooks.xib;
			sourceTree = "<group>";
		};
		77C484530FB309980098C82D /* Search.xib */ = {
			isa = PBXVariantGroup;
			children = (
				77C484510FB309940098C82D /* English */,
			);
			name = Search.xib;
			sourceTree = "<group>";
		};
		77C5C21B0FB34D6E006D6BC8 /* Nodes.xib */ = {
			isa = PBXVariantGroup;
			children = (
				77C5C2190FB34D68006D6BC8 /* English */,
			);
			name = Nodes.xib;
			sourceTree = "<group>";
		};
/* End PBXVariantGroup section */

/* Begin XCBuildConfiguration section */
		C01FCF4B08A954540054247B /* Debug */ = {
			isa = XCBuildConfiguration;
			buildSettings = {
				ALWAYS_SEARCH_USER_PATHS = NO;
				COPY_PHASE_STRIP = NO;
				FRAMEWORK_SEARCH_PATHS = (
					"$(inherited)",
					"\"$(SRCROOT)/../../Library/Frameworks\"",
					"\"$(SRCROOT)/third-party\"",
				);
				GCC_DYNAMIC_NO_PIC = NO;
				GCC_ENABLE_FIX_AND_CONTINUE = YES;
				GCC_MODEL_TUNING = G5;
				GCC_OPTIMIZATION_LEVEL = 0;
				GCC_PRECOMPILE_PREFIX_HEADER = YES;
				GCC_PREFIX_HEADER = Casserole_Prefix.pch;
				INFOPLIST_FILE = Info.plist;
				INSTALL_PATH = "$(HOME)/Applications";
				PRODUCT_NAME = Casserole;
			};
			name = Debug;
		};
		C01FCF4C08A954540054247B /* Release */ = {
			isa = XCBuildConfiguration;
			buildSettings = {
				ALWAYS_SEARCH_USER_PATHS = NO;
				DEBUG_INFORMATION_FORMAT = "dwarf-with-dsym";
				FRAMEWORK_SEARCH_PATHS = (
					"$(inherited)",
					"\"$(SRCROOT)/../../Library/Frameworks\"",
					"\"$(SRCROOT)/third-party\"",
				);
				GCC_MODEL_TUNING = G5;
				GCC_PRECOMPILE_PREFIX_HEADER = YES;
				GCC_PREFIX_HEADER = Casserole_Prefix.pch;
				INFOPLIST_FILE = Info.plist;
				INSTALL_PATH = "$(HOME)/Applications";
				PRODUCT_NAME = Casserole;
			};
			name = Release;
		};
		C01FCF4F08A954540054247B /* Debug */ = {
			isa = XCBuildConfiguration;
			buildSettings = {
				ARCHS = "$(ARCHS_STANDARD_32_BIT)";
				GCC_C_LANGUAGE_STANDARD = c99;
				GCC_ENABLE_OBJC_GC = unsupported;
				GCC_OPTIMIZATION_LEVEL = 0;
				GCC_WARN_ABOUT_RETURN_TYPE = YES;
				GCC_WARN_UNUSED_VARIABLE = YES;
				ONLY_ACTIVE_ARCH = YES;
				PREBINDING = NO;
				SDKROOT = macosx10.5;
			};
			name = Debug;
		};
		C01FCF5008A954540054247B /* Release */ = {
			isa = XCBuildConfiguration;
			buildSettings = {
				ARCHS = "$(ARCHS_STANDARD_32_BIT)";
				GCC_C_LANGUAGE_STANDARD = c99;
				GCC_ENABLE_OBJC_GC = unsupported;
				GCC_WARN_ABOUT_RETURN_TYPE = YES;
				GCC_WARN_UNUSED_VARIABLE = YES;
				PREBINDING = NO;
				SDKROOT = macosx10.5;
			};
			name = Release;
		};
/* End XCBuildConfiguration section */

/* Begin XCConfigurationList section */
		C01FCF4A08A954540054247B /* Build configuration list for PBXNativeTarget "Casserole" */ = {
			isa = XCConfigurationList;
			buildConfigurations = (
				C01FCF4B08A954540054247B /* Debug */,
				C01FCF4C08A954540054247B /* Release */,
			);
			defaultConfigurationIsVisible = 0;
			defaultConfigurationName = Release;
		};
		C01FCF4E08A954540054247B /* Build configuration list for PBXProject "Casserole" */ = {
			isa = XCConfigurationList;
			buildConfigurations = (
				C01FCF4F08A954540054247B /* Debug */,
				C01FCF5008A954540054247B /* Release */,
			);
			defaultConfigurationIsVisible = 0;
			defaultConfigurationName = Release;
		};
/* End XCConfigurationList section */
	};
	rootObject = 29B97313FDCFA39411CA2CEA /* Project object */;
}
